
Microsoft Visual Studio Solution File, Format Version 12.00
# Visual Studio Version 17
VisualStudioVersion = 17.9.34902.65
MinimumVisualStudioVersion = 10.0.40219.1
Project("{FAE04EC0-301F-11D3-BF4B-00C04F79EFBC}") = "FluentBuilderExample", "FluentBuilderExample\FluentBuilderExample.csproj", "{EDDE03EC-99C3-4423-A278-A760EE339C55}"
EndProject
Project("{FAE04EC0-301F-11D3-BF4B-00C04F79EFBC}") = "FluentBuilderLibrary", "FluentBuilderLibrary\FluentBuilderLibrary.csproj", "{6560D1CD-53D5-4018-B671-0093FA894FDF}"
EndProject
Global
	GlobalSection(SolutionConfigurationPlatforms) = preSolution
		Debug|Any CPU = Debug|Any CPU
		Release|Any CPU = Release|Any CPU
	EndGlobalSection
	GlobalSection(ProjectConfigurationPlatforms) = postSolution
		{EDDE03EC-99C3-4423-A278-A760EE339C55}.Debug|Any CPU.ActiveCfg = Debug|Any CPU
		{EDDE03EC-99C3-4423-A278-A760EE339C55}.Debug|Any CPU.Build.0 = Debug|Any CPU
		{EDDE03EC-99C3-4423-A278-A760EE339C55}.Release|Any CPU.ActiveCfg = Release|Any CPU
		{EDDE03EC-99C3-4423-A278-A760EE339C55}.Release|Any CPU.Build.0 = Release|Any CPU
		{6560D1CD-53D5-4018-B671-0093FA894FDF}.Debug|Any CPU.ActiveCfg = Debug|Any CPU
		{6560D1CD-53D5-4018-B671-0093FA894FDF}.Debug|Any CPU.Build.0 = Debug|Any CPU
		{6560D1CD-53D5-4018-B671-0093FA894FDF}.Release|Any CPU.ActiveCfg = Release|Any CPU
		{6560D1CD-53D5-4018-B671-0093FA894FDF}.Release|Any CPU.Build.0 = Release|Any CPU
	EndGlobalSection
	GlobalSection(SolutionProperties) = preSolution
		HideSolutionNode = FALSE
	EndGlobalSection
	GlobalSection(ExtensibilityGlobals) = postSolution
		SolutionGuid = {B21B5B6A-6C17-4DA8-B679-23B97CD36265}
	EndGlobalSection
EndGlobal
